// !$*UTF8*$!
{
	archiveVersion = 1;
	classes = {
	};
	objectVersion = 50;
	objects = {

/* Begin PBXBuildFile section */
		551DEB1125270DA600B44953 /* OpenEmuBase.framework in Frameworks */ = {isa = PBXBuildFile; fileRef = 551DEB1025270DA600B44953 /* OpenEmuBase.framework */; };
		551DEB1725270F2A00B44953 /* PlayStationGameCore.mm in Sources */ = {isa = PBXBuildFile; fileRef = 551DEB1525270E6B00B44953 /* PlayStationGameCore.mm */; };
/* End PBXBuildFile section */

/* Begin PBXFileReference section */
		551DEB0225270CC800B44953 /* DuckStation.oecoreplugin */ = {isa = PBXFileReference; explicitFileType = wrapper.cfbundle; includeInIndex = 0; path = DuckStation.oecoreplugin; sourceTree = BUILT_PRODUCTS_DIR; };
		551DEB0525270CC800B44953 /* Info.plist */ = {isa = PBXFileReference; lastKnownFileType = text.plist.xml; path = Info.plist; sourceTree = "<group>"; };
		551DEB1025270DA600B44953 /* OpenEmuBase.framework */ = {isa = PBXFileReference; explicitFileType = wrapper.framework; path = OpenEmuBase.framework; sourceTree = BUILT_PRODUCTS_DIR; };
		551DEB1225270E0300B44953 /* OEPSXSystemResponderClient.h */ = {isa = PBXFileReference; lastKnownFileType = sourcecode.c.h; name = OEPSXSystemResponderClient.h; path = ../OpenEmu/SystemPlugins/PlayStation/OEPSXSystemResponderClient.h; sourceTree = "<group>"; };
		551DEB1425270E6B00B44953 /* PlayStationGameCore.h */ = {isa = PBXFileReference; lastKnownFileType = sourcecode.c.h; path = PlayStationGameCore.h; sourceTree = "<group>"; };
		551DEB1525270E6B00B44953 /* PlayStationGameCore.mm */ = {isa = PBXFileReference; lastKnownFileType = sourcecode.cpp.objcpp; path = PlayStationGameCore.mm; sourceTree = "<group>"; };
/* End PBXFileReference section */

/* Begin PBXFrameworksBuildPhase section */
		551DEAFF25270CC800B44953 /* Frameworks */ = {
			isa = PBXFrameworksBuildPhase;
			buildActionMask = 2147483647;
			files = (
				551DEB1125270DA600B44953 /* OpenEmuBase.framework in Frameworks */,
			);
			runOnlyForDeploymentPostprocessing = 0;
		};
/* End PBXFrameworksBuildPhase section */

/* Begin PBXGroup section */
		551DEAF925270CC800B44953 = {
			isa = PBXGroup;
			children = (
				551DEB0D25270D4700B44953 /* Classes */,
				551DEB0425270CC800B44953 /* Resources */,
				551DEB0F25270DA600B44953 /* Frameworks */,
				551DEB0325270CC800B44953 /* Products */,
			);
			sourceTree = "<group>";
		};
		551DEB0325270CC800B44953 /* Products */ = {
			isa = PBXGroup;
			children = (
				551DEB0225270CC800B44953 /* DuckStation.oecoreplugin */,
			);
			name = Products;
			sourceTree = "<group>";
		};
		551DEB0425270CC800B44953 /* Resources */ = {
			isa = PBXGroup;
			children = (
				551DEB0525270CC800B44953 /* Info.plist */,
			);
			name = Resources;
			sourceTree = "<group>";
		};
		551DEB0D25270D4700B44953 /* Classes */ = {
			isa = PBXGroup;
			children = (
				551DEB1225270E0300B44953 /* OEPSXSystemResponderClient.h */,
				551DEB1425270E6B00B44953 /* PlayStationGameCore.h */,
				551DEB1525270E6B00B44953 /* PlayStationGameCore.mm */,
			);
			name = Classes;
			sourceTree = "<group>";
		};
		551DEB0F25270DA600B44953 /* Frameworks */ = {
			isa = PBXGroup;
			children = (
				551DEB1025270DA600B44953 /* OpenEmuBase.framework */,
			);
			name = Frameworks;
			sourceTree = "<group>";
		};
/* End PBXGroup section */

/* Begin PBXNativeTarget section */
		551DEB0125270CC800B44953 /* DuckStation */ = {
			isa = PBXNativeTarget;
			buildConfigurationList = 551DEB0825270CC800B44953 /* Build configuration list for PBXNativeTarget "DuckStation" */;
			buildPhases = (
				551DEAFE25270CC800B44953 /* Sources */,
				551DEAFF25270CC800B44953 /* Frameworks */,
				551DEB0025270CC800B44953 /* Resources */,
			);
			buildRules = (
			);
			dependencies = (
			);
			name = DuckStation;
			productName = DuckStation;
			productReference = 551DEB0225270CC800B44953 /* DuckStation.oecoreplugin */;
			productType = "com.apple.product-type.bundle";
		};
/* End PBXNativeTarget section */

/* Begin PBXProject section */
		551DEAFA25270CC800B44953 /* Project object */ = {
			isa = PBXProject;
			attributes = {
				LastUpgradeCheck = 1220;
				TargetAttributes = {
					551DEB0125270CC800B44953 = {
						CreatedOnToolsVersion = 12.2;
					};
				};
			};
			buildConfigurationList = 551DEAFD25270CC800B44953 /* Build configuration list for PBXProject "DuckStation" */;
			compatibilityVersion = "Xcode 9.3";
			developmentRegion = en;
			hasScannedForEncodings = 0;
			knownRegions = (
				en,
				Base,
			);
			mainGroup = 551DEAF925270CC800B44953;
			productRefGroup = 551DEB0325270CC800B44953 /* Products */;
			projectDirPath = "";
			projectRoot = "";
			targets = (
				551DEB0125270CC800B44953 /* DuckStation */,
			);
		};
/* End PBXProject section */

/* Begin PBXResourcesBuildPhase section */
		551DEB0025270CC800B44953 /* Resources */ = {
			isa = PBXResourcesBuildPhase;
			buildActionMask = 2147483647;
			files = (
			);
			runOnlyForDeploymentPostprocessing = 0;
		};
/* End PBXResourcesBuildPhase section */

/* Begin PBXSourcesBuildPhase section */
		551DEAFE25270CC800B44953 /* Sources */ = {
			isa = PBXSourcesBuildPhase;
			buildActionMask = 2147483647;
			files = (
				551DEB1725270F2A00B44953 /* PlayStationGameCore.mm in Sources */,
			);
			runOnlyForDeploymentPostprocessing = 0;
		};
/* End PBXSourcesBuildPhase section */

/* Begin XCBuildConfiguration section */
		551DEB0625270CC800B44953 /* Debug */ = {
			isa = XCBuildConfiguration;
			buildSettings = {
				ALWAYS_SEARCH_USER_PATHS = NO;
				CLANG_ANALYZER_NONNULL = YES;
				CLANG_ANALYZER_NUMBER_OBJECT_CONVERSION = YES_AGGRESSIVE;
				CLANG_CXX_LANGUAGE_STANDARD = "gnu++14";
				CLANG_CXX_LIBRARY = "libc++";
				CLANG_ENABLE_MODULES = YES;
				CLANG_ENABLE_OBJC_ARC = YES;
				CLANG_ENABLE_OBJC_WEAK = YES;
				CLANG_WARN_BLOCK_CAPTURE_AUTORELEASING = YES;
				CLANG_WARN_BOOL_CONVERSION = YES;
				CLANG_WARN_COMMA = YES;
				CLANG_WARN_CONSTANT_CONVERSION = YES;
				CLANG_WARN_DEPRECATED_OBJC_IMPLEMENTATIONS = YES;
				CLANG_WARN_DIRECT_OBJC_ISA_USAGE = YES_ERROR;
				CLANG_WARN_DOCUMENTATION_COMMENTS = YES;
				CLANG_WARN_EMPTY_BODY = YES;
				CLANG_WARN_ENUM_CONVERSION = YES;
				CLANG_WARN_INFINITE_RECURSION = YES;
				CLANG_WARN_INT_CONVERSION = YES;
				CLANG_WARN_NON_LITERAL_NULL_CONVERSION = YES;
				CLANG_WARN_OBJC_IMPLICIT_RETAIN_SELF = YES;
				CLANG_WARN_OBJC_LITERAL_CONVERSION = YES;
				CLANG_WARN_OBJC_ROOT_CLASS = YES_ERROR;
				CLANG_WARN_QUOTED_INCLUDE_IN_FRAMEWORK_HEADER = YES;
				CLANG_WARN_RANGE_LOOP_ANALYSIS = YES;
				CLANG_WARN_STRICT_PROTOTYPES = YES;
				CLANG_WARN_SUSPICIOUS_MOVE = YES;
				CLANG_WARN_UNGUARDED_AVAILABILITY = YES_AGGRESSIVE;
				CLANG_WARN_UNREACHABLE_CODE = YES;
				CLANG_WARN__DUPLICATE_METHOD_MATCH = YES;
				COPY_PHASE_STRIP = NO;
				DEBUG_INFORMATION_FORMAT = dwarf;
				ENABLE_STRICT_OBJC_MSGSEND = YES;
				ENABLE_TESTABILITY = YES;
				GCC_C_LANGUAGE_STANDARD = gnu11;
				GCC_DYNAMIC_NO_PIC = NO;
				GCC_NO_COMMON_BLOCKS = YES;
				GCC_OPTIMIZATION_LEVEL = 0;
				GCC_PREPROCESSOR_DEFINITIONS = (
					"DEBUG=1",
					"$(inherited)",
				);
				GCC_WARN_64_TO_32_BIT_CONVERSION = YES;
				GCC_WARN_ABOUT_RETURN_TYPE = YES_ERROR;
				GCC_WARN_UNDECLARED_SELECTOR = YES;
				GCC_WARN_UNINITIALIZED_AUTOS = YES_AGGRESSIVE;
				GCC_WARN_UNUSED_FUNCTION = YES;
				GCC_WARN_UNUSED_VARIABLE = YES;
				MACOSX_DEPLOYMENT_TARGET = 10.15;
				MTL_ENABLE_DEBUG_INFO = INCLUDE_SOURCE;
				MTL_FAST_MATH = YES;
				ONLY_ACTIVE_ARCH = YES;
				SDKROOT = macosx;
			};
			name = Debug;
		};
		551DEB0725270CC800B44953 /* Release */ = {
			isa = XCBuildConfiguration;
			buildSettings = {
				ALWAYS_SEARCH_USER_PATHS = NO;
				CLANG_ANALYZER_NONNULL = YES;
				CLANG_ANALYZER_NUMBER_OBJECT_CONVERSION = YES_AGGRESSIVE;
				CLANG_CXX_LANGUAGE_STANDARD = "gnu++14";
				CLANG_CXX_LIBRARY = "libc++";
				CLANG_ENABLE_MODULES = YES;
				CLANG_ENABLE_OBJC_ARC = YES;
				CLANG_ENABLE_OBJC_WEAK = YES;
				CLANG_WARN_BLOCK_CAPTURE_AUTORELEASING = YES;
				CLANG_WARN_BOOL_CONVERSION = YES;
				CLANG_WARN_COMMA = YES;
				CLANG_WARN_CONSTANT_CONVERSION = YES;
				CLANG_WARN_DEPRECATED_OBJC_IMPLEMENTATIONS = YES;
				CLANG_WARN_DIRECT_OBJC_ISA_USAGE = YES_ERROR;
				CLANG_WARN_DOCUMENTATION_COMMENTS = YES;
				CLANG_WARN_EMPTY_BODY = YES;
				CLANG_WARN_ENUM_CONVERSION = YES;
				CLANG_WARN_INFINITE_RECURSION = YES;
				CLANG_WARN_INT_CONVERSION = YES;
				CLANG_WARN_NON_LITERAL_NULL_CONVERSION = YES;
				CLANG_WARN_OBJC_IMPLICIT_RETAIN_SELF = YES;
				CLANG_WARN_OBJC_LITERAL_CONVERSION = YES;
				CLANG_WARN_OBJC_ROOT_CLASS = YES_ERROR;
				CLANG_WARN_QUOTED_INCLUDE_IN_FRAMEWORK_HEADER = YES;
				CLANG_WARN_RANGE_LOOP_ANALYSIS = YES;
				CLANG_WARN_STRICT_PROTOTYPES = YES;
				CLANG_WARN_SUSPICIOUS_MOVE = YES;
				CLANG_WARN_UNGUARDED_AVAILABILITY = YES_AGGRESSIVE;
				CLANG_WARN_UNREACHABLE_CODE = YES;
				CLANG_WARN__DUPLICATE_METHOD_MATCH = YES;
				COPY_PHASE_STRIP = NO;
				DEBUG_INFORMATION_FORMAT = "dwarf-with-dsym";
				ENABLE_NS_ASSERTIONS = NO;
				ENABLE_STRICT_OBJC_MSGSEND = YES;
				GCC_C_LANGUAGE_STANDARD = gnu11;
				GCC_NO_COMMON_BLOCKS = YES;
				GCC_WARN_64_TO_32_BIT_CONVERSION = YES;
				GCC_WARN_ABOUT_RETURN_TYPE = YES_ERROR;
				GCC_WARN_UNDECLARED_SELECTOR = YES;
				GCC_WARN_UNINITIALIZED_AUTOS = YES_AGGRESSIVE;
				GCC_WARN_UNUSED_FUNCTION = YES;
				GCC_WARN_UNUSED_VARIABLE = YES;
				MACOSX_DEPLOYMENT_TARGET = 10.15;
				MTL_ENABLE_DEBUG_INFO = NO;
				MTL_FAST_MATH = YES;
				SDKROOT = macosx;
			};
			name = Release;
		};
		551DEB0925270CC800B44953 /* Debug */ = {
			isa = XCBuildConfiguration;
			buildSettings = {
				CODE_SIGN_STYLE = Automatic;
				COMBINE_HIDPI_IMAGES = YES;
				INFOPLIST_FILE = Info.plist;
				INSTALL_PATH = "$(LOCAL_LIBRARY_DIR)/Bundles";
				PRODUCT_BUNDLE_IDENTIFIER = org.openemu.DuckStation;
				PRODUCT_NAME = "$(TARGET_NAME)";
				SKIP_INSTALL = YES;
				WRAPPER_EXTENSION = oecoreplugin;
			};
			name = Debug;
		};
		551DEB0A25270CC800B44953 /* Release */ = {
			isa = XCBuildConfiguration;
			buildSettings = {
				CODE_SIGN_STYLE = Automatic;
				COMBINE_HIDPI_IMAGES = YES;
				INFOPLIST_FILE = Info.plist;
				INSTALL_PATH = "$(LOCAL_LIBRARY_DIR)/Bundles";
				PRODUCT_BUNDLE_IDENTIFIER = org.openemu.DuckStation;
				PRODUCT_NAME = "$(TARGET_NAME)";
				SKIP_INSTALL = YES;
				WRAPPER_EXTENSION = oecoreplugin;
			};
			name = Release;
		};
/* End XCBuildConfiguration section */

/* Begin XCConfigurationList section */
		551DEAFD25270CC800B44953 /* Build configuration list for PBXProject "DuckStation" */ = {
			isa = XCConfigurationList;
			buildConfigurations = (
				551DEB0625270CC800B44953 /* Debug */,
				551DEB0725270CC800B44953 /* Release */,
			);
			defaultConfigurationIsVisible = 0;
			defaultConfigurationName = Release;
		};
		551DEB0825270CC800B44953 /* Build configuration list for PBXNativeTarget "DuckStation" */ = {
			isa = XCConfigurationList;
			buildConfigurations = (
				551DEB0925270CC800B44953 /* Debug */,
				551DEB0A25270CC800B44953 /* Release */,
			);
			defaultConfigurationIsVisible = 0;
			defaultConfigurationName = Release;
		};
/* End XCConfigurationList section */
	};
	rootObject = 551DEAFA25270CC800B44953 /* Project object */;
}
